
Microsoft Visual Studio Solution File, Format Version 12.00
# Visual Studio Version 17
VisualStudioVersion = 17.14.36623.8 d17.14
MinimumVisualStudioVersion = 10.0.40219.1
Project("{FAE04EC0-301F-11D3-BF4B-00C04F79EFBC}") = "MebelMaster", "MebelMaster\MebelMaster.csproj", "{52D2007B-2D6D-4E80-8023-6ACB52D8D4BC}"
EndProject
Global
	GlobalSection(SolutionConfigurationPlatforms) = preSolution
		Debug|Any CPU = Debug|Any CPU
		Release|Any CPU = Release|Any CPU
	EndGlobalSection
	GlobalSection(ProjectConfigurationPlatforms) = postSolution
		{52D2007B-2D6D-4E80-8023-6ACB52D8D4BC}.Debug|Any CPU.ActiveCfg = Debug|Any CPU
		{52D2007B-2D6D-4E80-8023-6ACB52D8D4BC}.Debug|Any CPU.Build.0 = Debug|Any CPU
		{52D2007B-2D6D-4E80-8023-6ACB52D8D4BC}.Release|Any CPU.ActiveCfg = Release|Any CPU
		{52D2007B-2D6D-4E80-8023-6ACB52D8D4BC}.Release|Any CPU.Build.0 = Release|Any CPU
	EndGlobalSection
	GlobalSection(SolutionProperties) = preSolution
		HideSolutionNode = FALSE
	EndGlobalSection
	GlobalSection(ExtensibilityGlobals) = postSolution
		SolutionGuid = {63FB3E96-6395-42B6-9E52-0770614BD227}
	EndGlobalSection
EndGlobal
